# @generated by Move, please check-in and do not edit manually.

[move]
version = 3
manifest_digest = "FC3D0D608F1379F27EE50A7BCB28B8A980BF2D95B11CD2BE4FD6464E33BBC104"
deps_digest = "3C4103934B1E040BB6B23F1D610B4EF9F2F1166A50A104EADCF77467C004C600"
dependencies = [
  { id = "MoveStdlib", name = "MoveStdlib" },
  { id = "Sui", name = "Sui" },
]

[[move.package]]
id = "MoveStdlib"
source = { git = "https://github.com/MystenLabs/sui.git", rev = "framework/testnet", subdir = "crates/sui-framework/packages/move-stdlib" }

[[move.package]]
id = "Sui"
source = { git = "https://github.com/MystenLabs/sui.git", rev = "framework/testnet", subdir = "crates/sui-framework/packages/sui-framework" }

dependencies = [
  { id = "MoveStdlib", name = "MoveStdlib" },
]

[move.toolchain-version]
compiler-version = "1.56.2"
edition = "2024"
flavor = "sui"

[env]

[env.testnet]
chain-id = "4c78adac"
original-published-id = "0xd8004005f0860cf71b1278cb32c60fbe307b31dedc80bc1708869015d33e16d3"
latest-published-id = "0xd8004005f0860cf71b1278cb32c60fbe307b31dedc80bc1708869015d33e16d3"
published-version = "1"
